// !$*UTF8*$!
{
	archiveVersion = 1;
	classes = {
	};
	objectVersion = 46;
	objects = {

/* Begin PBXBuildFile section */
		FDA1D3231AF6590800C96352 /* main.m in Sources */ = {isa = PBXBuildFile; fileRef = FDA1D3221AF6590800C96352 /* main.m */; };
		FDA1D3261AF6590800C96352 /* AppDelegate.m in Sources */ = {isa = PBXBuildFile; fileRef = FDA1D3251AF6590800C96352 /* AppDelegate.m */; };
		FDA1D3291AF6590800C96352 /* ViewController.m in Sources */ = {isa = PBXBuildFile; fileRef = FDA1D3281AF6590800C96352 /* ViewController.m */; };
		FDA1D32C1AF6590800C96352 /* Main.storyboard in Resources */ = {isa = PBXBuildFile; fileRef = FDA1D32A1AF6590800C96352 /* Main.storyboard */; };
		FDA1D32E1AF6590800C96352 /* Images.xcassets in Resources */ = {isa = PBXBuildFile; fileRef = FDA1D32D1AF6590800C96352 /* Images.xcassets */; };
		FDA1D3311AF6590800C96352 /* LaunchScreen.xib in Resources */ = {isa = PBXBuildFile; fileRef = FDA1D32F1AF6590800C96352 /* LaunchScreen.xib */; };
		FDA1D33D1AF6590800C96352 /* EasyREST_APITests.m in Sources */ = {isa = PBXBuildFile; fileRef = FDA1D33C1AF6590800C96352 /* EasyREST_APITests.m */; };
/* End PBXBuildFile section */

/* Begin PBXContainerItemProxy section */
		FDA1D3371AF6590800C96352 /* PBXContainerItemProxy */ = {
			isa = PBXContainerItemProxy;
			containerPortal = FDA1D3151AF6590800C96352 /* Project object */;
			proxyType = 1;
			remoteGlobalIDString = FDA1D31C1AF6590800C96352;
			remoteInfo = EasyREST_API;
		};
/* End PBXContainerItemProxy section */

/* Begin PBXFileReference section */
		FDA1D31D1AF6590800C96352 /* EasyREST_API.app */ = {isa = PBXFileReference; explicitFileType = wrapper.application; includeInIndex = 0; path = EasyREST_API.app; sourceTree = BUILT_PRODUCTS_DIR; };
		FDA1D3211AF6590800C96352 /* Info.plist */ = {isa = PBXFileReference; lastKnownFileType = text.plist.xml; path = Info.plist; sourceTree = "<group>"; };
		FDA1D3221AF6590800C96352 /* main.m */ = {isa = PBXFileReference; lastKnownFileType = sourcecode.c.objc; path = main.m; sourceTree = "<group>"; };
		FDA1D3241AF6590800C96352 /* AppDelegate.h */ = {isa = PBXFileReference; lastKnownFileType = sourcecode.c.h; path = AppDelegate.h; sourceTree = "<group>"; };
		FDA1D3251AF6590800C96352 /* AppDelegate.m */ = {isa = PBXFileReference; lastKnownFileType = sourcecode.c.objc; path = AppDelegate.m; sourceTree = "<group>"; };
		FDA1D3271AF6590800C96352 /* ViewController.h */ = {isa = PBXFileReference; lastKnownFileType = sourcecode.c.h; path = ViewController.h; sourceTree = "<group>"; };
		FDA1D3281AF6590800C96352 /* ViewController.m */ = {isa = PBXFileReference; lastKnownFileType = sourcecode.c.objc; path = ViewController.m; sourceTree = "<group>"; };
		FDA1D32B1AF6590800C96352 /* Base */ = {isa = PBXFileReference; lastKnownFileType = file.storyboard; name = Base; path = Base.lproj/Main.storyboard; sourceTree = "<group>"; };
		FDA1D32D1AF6590800C96352 /* Images.xcassets */ = {isa = PBXFileReference; lastKnownFileType = folder.assetcatalog; path = Images.xcassets; sourceTree = "<group>"; };
		FDA1D3301AF6590800C96352 /* Base */ = {isa = PBXFileReference; lastKnownFileType = file.xib; name = Base; path = Base.lproj/LaunchScreen.xib; sourceTree = "<group>"; };
		FDA1D3361AF6590800C96352 /* EasyREST_APITests.xctest */ = {isa = PBXFileReference; explicitFileType = wrapper.cfbundle; includeInIndex = 0; path = EasyREST_APITests.xctest; sourceTree = BUILT_PRODUCTS_DIR; };
		FDA1D33B1AF6590800C96352 /* Info.plist */ = {isa = PBXFileReference; lastKnownFileType = text.plist.xml; path = Info.plist; sourceTree = "<group>"; };
		FDA1D33C1AF6590800C96352 /* EasyREST_APITests.m */ = {isa = PBXFileReference; lastKnownFileType = sourcecode.c.objc; path = EasyREST_APITests.m; sourceTree = "<group>"; };
/* End PBXFileReference section */

/* Begin PBXFrameworksBuildPhase section */
		FDA1D31A1AF6590800C96352 /* Frameworks */ = {
			isa = PBXFrameworksBuildPhase;
			buildActionMask = 2147483647;
			files = (
			);
			runOnlyForDeploymentPostprocessing = 0;
		};
		FDA1D3331AF6590800C96352 /* Frameworks */ = {
			isa = PBXFrameworksBuildPhase;
			buildActionMask = 2147483647;
			files = (
			);
			runOnlyForDeploymentPostprocessing = 0;
		};
/* End PBXFrameworksBuildPhase section */

/* Begin PBXGroup section */
		FDA1D3141AF6590800C96352 = {
			isa = PBXGroup;
			children = (
				FDA1D31F1AF6590800C96352 /* EasyREST_API */,
				FDA1D3391AF6590800C96352 /* EasyREST_APITests */,
				FDA1D31E1AF6590800C96352 /* Products */,
			);
			sourceTree = "<group>";
		};
		FDA1D31E1AF6590800C96352 /* Products */ = {
			isa = PBXGroup;
			children = (
				FDA1D31D1AF6590800C96352 /* EasyREST_API.app */,
				FDA1D3361AF6590800C96352 /* EasyREST_APITests.xctest */,
			);
			name = Products;
			sourceTree = "<group>";
		};
		FDA1D31F1AF6590800C96352 /* EasyREST_API */ = {
			isa = PBXGroup;
			children = (
				FDA1D3241AF6590800C96352 /* AppDelegate.h */,
				FDA1D3251AF6590800C96352 /* AppDelegate.m */,
				FDA1D3271AF6590800C96352 /* ViewController.h */,
				FDA1D3281AF6590800C96352 /* ViewController.m */,
				FDA1D32A1AF6590800C96352 /* Main.storyboard */,
				FDA1D32D1AF6590800C96352 /* Images.xcassets */,
				FDA1D32F1AF6590800C96352 /* LaunchScreen.xib */,
				FDA1D3201AF6590800C96352 /* Supporting Files */,
			);
			path = EasyREST_API;
			sourceTree = "<group>";
		};
		FDA1D3201AF6590800C96352 /* Supporting Files */ = {
			isa = PBXGroup;
			children = (
				FDA1D3211AF6590800C96352 /* Info.plist */,
				FDA1D3221AF6590800C96352 /* main.m */,
			);
			name = "Supporting Files";
			sourceTree = "<group>";
		};
		FDA1D3391AF6590800C96352 /* EasyREST_APITests */ = {
			isa = PBXGroup;
			children = (
				FDA1D33C1AF6590800C96352 /* EasyREST_APITests.m */,
				FDA1D33A1AF6590800C96352 /* Supporting Files */,
			);
			path = EasyREST_APITests;
			sourceTree = "<group>";
		};
		FDA1D33A1AF6590800C96352 /* Supporting Files */ = {
			isa = PBXGroup;
			children = (
				FDA1D33B1AF6590800C96352 /* Info.plist */,
			);
			name = "Supporting Files";
			sourceTree = "<group>";
		};
/* End PBXGroup section */

/* Begin PBXNativeTarget section */
		FDA1D31C1AF6590800C96352 /* EasyREST_API */ = {
			isa = PBXNativeTarget;
			buildConfigurationList = FDA1D3401AF6590800C96352 /* Build configuration list for PBXNativeTarget "EasyREST_API" */;
			buildPhases = (
				FDA1D3191AF6590800C96352 /* Sources */,
				FDA1D31A1AF6590800C96352 /* Frameworks */,
				FDA1D31B1AF6590800C96352 /* Resources */,
			);
			buildRules = (
			);
			dependencies = (
			);
			name = EasyREST_API;
			productName = EasyREST_API;
			productReference = FDA1D31D1AF6590800C96352 /* EasyREST_API.app */;
			productType = "com.apple.product-type.application";
		};
		FDA1D3351AF6590800C96352 /* EasyREST_APITests */ = {
			isa = PBXNativeTarget;
			buildConfigurationList = FDA1D3431AF6590800C96352 /* Build configuration list for PBXNativeTarget "EasyREST_APITests" */;
			buildPhases = (
				FDA1D3321AF6590800C96352 /* Sources */,
				FDA1D3331AF6590800C96352 /* Frameworks */,
				FDA1D3341AF6590800C96352 /* Resources */,
			);
			buildRules = (
			);
			dependencies = (
				FDA1D3381AF6590800C96352 /* PBXTargetDependency */,
			);
			name = EasyREST_APITests;
			productName = EasyREST_APITests;
			productReference = FDA1D3361AF6590800C96352 /* EasyREST_APITests.xctest */;
			productType = "com.apple.product-type.bundle.unit-test";
		};
/* End PBXNativeTarget section */

/* Begin PBXProject section */
		FDA1D3151AF6590800C96352 /* Project object */ = {
			isa = PBXProject;
			attributes = {
				LastUpgradeCheck = 0620;
				ORGANIZATIONNAME = zuiye;
				TargetAttributes = {
					FDA1D31C1AF6590800C96352 = {
						CreatedOnToolsVersion = 6.2;
					};
					FDA1D3351AF6590800C96352 = {
						CreatedOnToolsVersion = 6.2;
						TestTargetID = FDA1D31C1AF6590800C96352;
					};
				};
			};
			buildConfigurationList = FDA1D3181AF6590800C96352 /* Build configuration list for PBXProject "EasyREST_API" */;
			compatibilityVersion = "Xcode 3.2";
			developmentRegion = English;
			hasScannedForEncodings = 0;
			knownRegions = (
				en,
				Base,
			);
			mainGroup = FDA1D3141AF6590800C96352;
			productRefGroup = FDA1D31E1AF6590800C96352 /* Products */;
			projectDirPath = "";
			projectRoot = "";
			targets = (
				FDA1D31C1AF6590800C96352 /* EasyREST_API */,
				FDA1D3351AF6590800C96352 /* EasyREST_APITests */,
			);
		};
/* End PBXProject section */

/* Begin PBXResourcesBuildPhase section */
		FDA1D31B1AF6590800C96352 /* Resources */ = {
			isa = PBXResourcesBuildPhase;
			buildActionMask = 2147483647;
			files = (
				FDA1D32C1AF6590800C96352 /* Main.storyboard in Resources */,
				FDA1D3311AF6590800C96352 /* LaunchScreen.xib in Resources */,
				FDA1D32E1AF6590800C96352 /* Images.xcassets in Resources */,
			);
			runOnlyForDeploymentPostprocessing = 0;
		};
		FDA1D3341AF6590800C96352 /* Resources */ = {
			isa = PBXResourcesBuildPhase;
			buildActionMask = 2147483647;
			files = (
			);
			runOnlyForDeploymentPostprocessing = 0;
		};
/* End PBXResourcesBuildPhase section */

/* Begin PBXSourcesBuildPhase section */
		FDA1D3191AF6590800C96352 /* Sources */ = {
			isa = PBXSourcesBuildPhase;
			buildActionMask = 2147483647;
			files = (
				FDA1D3291AF6590800C96352 /* ViewController.m in Sources */,
				FDA1D3261AF6590800C96352 /* AppDelegate.m in Sources */,
				FDA1D3231AF6590800C96352 /* main.m in Sources */,
			);
			runOnlyForDeploymentPostprocessing = 0;
		};
		FDA1D3321AF6590800C96352 /* Sources */ = {
			isa = PBXSourcesBuildPhase;
			buildActionMask = 2147483647;
			files = (
				FDA1D33D1AF6590800C96352 /* EasyREST_APITests.m in Sources */,
			);
			runOnlyForDeploymentPostprocessing = 0;
		};
/* End PBXSourcesBuildPhase section */

/* Begin PBXTargetDependency section */
		FDA1D3381AF6590800C96352 /* PBXTargetDependency */ = {
			isa = PBXTargetDependency;
			target = FDA1D31C1AF6590800C96352 /* EasyREST_API */;
			targetProxy = FDA1D3371AF6590800C96352 /* PBXContainerItemProxy */;
		};
/* End PBXTargetDependency section */

/* Begin PBXVariantGroup section */
		FDA1D32A1AF6590800C96352 /* Main.storyboard */ = {
			isa = PBXVariantGroup;
			children = (
				FDA1D32B1AF6590800C96352 /* Base */,
			);
			name = Main.storyboard;
			sourceTree = "<group>";
		};
		FDA1D32F1AF6590800C96352 /* LaunchScreen.xib */ = {
			isa = PBXVariantGroup;
			children = (
				FDA1D3301AF6590800C96352 /* Base */,
			);
			name = LaunchScreen.xib;
			sourceTree = "<group>";
		};
/* End PBXVariantGroup section */

/* Begin XCBuildConfiguration section */
		FDA1D33E1AF6590800C96352 /* Debug */ = {
			isa = XCBuildConfiguration;
			buildSettings = {
				ALWAYS_SEARCH_USER_PATHS = NO;
				CLANG_CXX_LANGUAGE_STANDARD = "gnu++0x";
				CLANG_CXX_LIBRARY = "libc++";
				CLANG_ENABLE_MODULES = YES;
				CLANG_ENABLE_OBJC_ARC = YES;
				CLANG_WARN_BOOL_CONVERSION = YES;
				CLANG_WARN_CONSTANT_CONVERSION = YES;
				CLANG_WARN_DIRECT_OBJC_ISA_USAGE = YES_ERROR;
				CLANG_WARN_EMPTY_BODY = YES;
				CLANG_WARN_ENUM_CONVERSION = YES;
				CLANG_WARN_INT_CONVERSION = YES;
				CLANG_WARN_OBJC_ROOT_CLASS = YES_ERROR;
				CLANG_WARN_UNREACHABLE_CODE = YES;
				CLANG_WARN__DUPLICATE_METHOD_MATCH = YES;
				"CODE_SIGN_IDENTITY[sdk=iphoneos*]" = "iPhone Developer";
				COPY_PHASE_STRIP = NO;
				ENABLE_STRICT_OBJC_MSGSEND = YES;
				GCC_C_LANGUAGE_STANDARD = gnu99;
				GCC_DYNAMIC_NO_PIC = NO;
				GCC_OPTIMIZATION_LEVEL = 0;
				GCC_PREPROCESSOR_DEFINITIONS = (
					"DEBUG=1",
					"$(inherited)",
				);
				GCC_SYMBOLS_PRIVATE_EXTERN = NO;
				GCC_WARN_64_TO_32_BIT_CONVERSION = YES;
				GCC_WARN_ABOUT_RETURN_TYPE = YES_ERROR;
				GCC_WARN_UNDECLARED_SELECTOR = YES;
				GCC_WARN_UNINITIALIZED_AUTOS = YES_AGGRESSIVE;
				GCC_WARN_UNUSED_FUNCTION = YES;
				GCC_WARN_UNUSED_VARIABLE = YES;
				IPHONEOS_DEPLOYMENT_TARGET = 8.2;
				MTL_ENABLE_DEBUG_INFO = YES;
				ONLY_ACTIVE_ARCH = YES;
				SDKROOT = iphoneos;
			};
			name = Debug;
		};
		FDA1D33F1AF6590800C96352 /* Release */ = {
			isa = XCBuildConfiguration;
			buildSettings = {
				ALWAYS_SEARCH_USER_PATHS = NO;
				CLANG_CXX_LANGUAGE_STANDARD = "gnu++0x";
				CLANG_CXX_LIBRARY = "libc++";
				CLANG_ENABLE_MODULES = YES;
				CLANG_ENABLE_OBJC_ARC = YES;
				CLANG_WARN_BOOL_CONVERSION = YES;
				CLANG_WARN_CONSTANT_CONVERSION = YES;
				CLANG_WARN_DIRECT_OBJC_ISA_USAGE = YES_ERROR;
				CLANG_WARN_EMPTY_BODY = YES;
				CLANG_WARN_ENUM_CONVERSION = YES;
				CLANG_WARN_INT_CONVERSION = YES;
				CLANG_WARN_OBJC_ROOT_CLASS = YES_ERROR;
				CLANG_WARN_UNREACHABLE_CODE = YES;
				CLANG_WARN__DUPLICATE_METHOD_MATCH = YES;
				"CODE_SIGN_IDENTITY[sdk=iphoneos*]" = "iPhone Developer";
				COPY_PHASE_STRIP = NO;
				ENABLE_NS_ASSERTIONS = NO;
				ENABLE_STRICT_OBJC_MSGSEND = YES;
				GCC_C_LANGUAGE_STANDARD = gnu99;
				GCC_WARN_64_TO_32_BIT_CONVERSION = YES;
				GCC_WARN_ABOUT_RETURN_TYPE = YES_ERROR;
				GCC_WARN_UNDECLARED_SELECTOR = YES;
				GCC_WARN_UNINITIALIZED_AUTOS = YES_AGGRESSIVE;
				GCC_WARN_UNUSED_FUNCTION = YES;
				GCC_WARN_UNUSED_VARIABLE = YES;
				IPHONEOS_DEPLOYMENT_TARGET = 8.2;
				MTL_ENABLE_DEBUG_INFO = NO;
				SDKROOT = iphoneos;
				VALIDATE_PRODUCT = YES;
			};
			name = Release;
		};
		FDA1D3411AF6590800C96352 /* Debug */ = {
			isa = XCBuildConfiguration;
			buildSettings = {
				ASSETCATALOG_COMPILER_APPICON_NAME = AppIcon;
				INFOPLIST_FILE = EasyREST_API/Info.plist;
				LD_RUNPATH_SEARCH_PATHS = "$(inherited) @executable_path/Frameworks";
				PRODUCT_NAME = "$(TARGET_NAME)";
			};
			name = Debug;
		};
		FDA1D3421AF6590800C96352 /* Release */ = {
			isa = XCBuildConfiguration;
			buildSettings = {
				ASSETCATALOG_COMPILER_APPICON_NAME = AppIcon;
				INFOPLIST_FILE = EasyREST_API/Info.plist;
				LD_RUNPATH_SEARCH_PATHS = "$(inherited) @executable_path/Frameworks";
				PRODUCT_NAME = "$(TARGET_NAME)";
			};
			name = Release;
		};
		FDA1D3441AF6590800C96352 /* Debug */ = {
			isa = XCBuildConfiguration;
			buildSettings = {
				BUNDLE_LOADER = "$(TEST_HOST)";
				FRAMEWORK_SEARCH_PATHS = (
					"$(SDKROOT)/Developer/Library/Frameworks",
					"$(inherited)",
				);
				GCC_PREPROCESSOR_DEFINITIONS = (
					"DEBUG=1",
					"$(inherited)",
				);
				INFOPLIST_FILE = EasyREST_APITests/Info.plist;
				LD_RUNPATH_SEARCH_PATHS = "$(inherited) @executable_path/Frameworks @loader_path/Frameworks";
				PRODUCT_NAME = "$(TARGET_NAME)";
				TEST_HOST = "$(BUILT_PRODUCTS_DIR)/EasyREST_API.app/EasyREST_API";
			};
			name = Debug;
		};
		FDA1D3451AF6590800C96352 /* Release */ = {
			isa = XCBuildConfiguration;
			buildSettings = {
				BUNDLE_LOADER = "$(TEST_HOST)";
				FRAMEWORK_SEARCH_PATHS = (
					"$(SDKROOT)/Developer/Library/Frameworks",
					"$(inherited)",
				);
				INFOPLIST_FILE = EasyREST_APITests/Info.plist;
				LD_RUNPATH_SEARCH_PATHS = "$(inherited) @executable_path/Frameworks @loader_path/Frameworks";
				PRODUCT_NAME = "$(TARGET_NAME)";
				TEST_HOST = "$(BUILT_PRODUCTS_DIR)/EasyREST_API.app/EasyREST_API";
			};
			name = Release;
		};
/* End XCBuildConfiguration section */

/* Begin XCConfigurationList section */
		FDA1D3181AF6590800C96352 /* Build configuration list for PBXProject "EasyREST_API" */ = {
			isa = XCConfigurationList;
			buildConfigurations = (
				FDA1D33E1AF6590800C96352 /* Debug */,
				FDA1D33F1AF6590800C96352 /* Release */,
			);
			defaultConfigurationIsVisible = 0;
			defaultConfigurationName = Release;
		};
		FDA1D3401AF6590800C96352 /* Build configuration list for PBXNativeTarget "EasyREST_API" */ = {
			isa = XCConfigurationList;
			buildConfigurations = (
				FDA1D3411AF6590800C96352 /* Debug */,
				FDA1D3421AF6590800C96352 /* Release */,
			);
			defaultConfigurationIsVisible = 0;
		};
		FDA1D3431AF6590800C96352 /* Build configuration list for PBXNativeTarget "EasyREST_APITests" */ = {
			isa = XCConfigurationList;
			buildConfigurations = (
				FDA1D3441AF6590800C96352 /* Debug */,
				FDA1D3451AF6590800C96352 /* Release */,
			);
			defaultConfigurationIsVisible = 0;
		};
/* End XCConfigurationList section */
	};
	rootObject = FDA1D3151AF6590800C96352 /* Project object */;
}
